
Microsoft Visual Studio Solution File, Format Version 12.00
# Visual Studio Version 16
VisualStudioVersion = 16.0.28902.138
MinimumVisualStudioVersion = 10.0.40219.1
Project("{F2A71F9B-5D33-465A-A702-920D77279786}") = "SQLStuff", "SQLStuff\SQLStuff.fsproj", "{C719D5B7-ECD6-4F6C-9A75-69AC099F78C7}"
EndProject
Project("{F2A71F9B-5D33-465A-A702-920D77279786}") = "Main", "Main\Main.fsproj", "{4E6D35E5-80BD-46B0-B93C-3959FF81361A}"
EndProject
Global
	GlobalSection(SolutionConfigurationPlatforms) = preSolution
		Debug|Any CPU = Debug|Any CPU
		Release|Any CPU = Release|Any CPU
	EndGlobalSection
	GlobalSection(ProjectConfigurationPlatforms) = postSolution
		{C719D5B7-ECD6-4F6C-9A75-69AC099F78C7}.Debug|Any CPU.ActiveCfg = Debug|Any CPU
		{C719D5B7-ECD6-4F6C-9A75-69AC099F78C7}.Debug|Any CPU.Build.0 = Debug|Any CPU
		{C719D5B7-ECD6-4F6C-9A75-69AC099F78C7}.Release|Any CPU.ActiveCfg = Release|Any CPU
		{C719D5B7-ECD6-4F6C-9A75-69AC099F78C7}.Release|Any CPU.Build.0 = Release|Any CPU
		{4E6D35E5-80BD-46B0-B93C-3959FF81361A}.Debug|Any CPU.ActiveCfg = Debug|Any CPU
		{4E6D35E5-80BD-46B0-B93C-3959FF81361A}.Debug|Any CPU.Build.0 = Debug|Any CPU
		{4E6D35E5-80BD-46B0-B93C-3959FF81361A}.Release|Any CPU.ActiveCfg = Release|Any CPU
		{4E6D35E5-80BD-46B0-B93C-3959FF81361A}.Release|Any CPU.Build.0 = Release|Any CPU
	EndGlobalSection
	GlobalSection(SolutionProperties) = preSolution
		HideSolutionNode = FALSE
	EndGlobalSection
	GlobalSection(ExtensibilityGlobals) = postSolution
		SolutionGuid = {32EE3511-417F-480B-A3A1-AC607935F3A0}
	EndGlobalSection
EndGlobal
